
Microsoft Visual Studio Solution File, Format Version 12.00
# Visual Studio Version 17
VisualStudioVersion = 17.13.35818.85 d17.13
MinimumVisualStudioVersion = 10.0.40219.1
Project("{2150E333-8FDC-42A3-9474-1A3956D46DE8}") = "Doc", "Doc", "{02EA681E-C7D8-13C7-8484-4AC65E1B71E8}"
EndProject
Project("{2150E333-8FDC-42A3-9474-1A3956D46DE8}") = "Src", "Src", "{ACB38278-FA1A-4F71-8303-BD2F03F42AE3}"
EndProject
Project("{2150E333-8FDC-42A3-9474-1A3956D46DE8}") = "Common", "Common", "{861ACAE4-1B86-4A9C-AF76-0ACDD113367E}"
EndProject
Project("{2150E333-8FDC-42A3-9474-1A3956D46DE8}") = "Core", "Core", "{437B880C-6242-40AD-8057-43DB3BD6CA74}"
EndProject
Project("{2150E333-8FDC-42A3-9474-1A3956D46DE8}") = "Infrastructure", "Infrastructure", "{DC354963-5F21-4342-9885-67610E968C25}"
EndProject
Project("{2150E333-8FDC-42A3-9474-1A3956D46DE8}") = "Peresentation", "Peresentation", "{45452F5B-89CF-42FD-AAA8-BF3BB0677EE3}"
EndProject
Project("{FAE04EC0-301F-11D3-BF4B-00C04F79EFBC}") = "Shop.Common", "Shop.Common\Shop.Common.csproj", "{7CEA18C8-3346-4CA6-911F-A2DF5599359F}"
EndProject
Project("{FAE04EC0-301F-11D3-BF4B-00C04F79EFBC}") = "Shop.Application", "Shop.Application\Shop.Application.csproj", "{E3DF821A-6273-4BAC-A8ED-D97A2C029AF1}"
EndProject
Project("{FAE04EC0-301F-11D3-BF4B-00C04F79EFBC}") = "Shop.Domain", "Shop.Domain\Shop.Domain.csproj", "{99F1568B-79EA-456B-93CD-35D4FA3AD312}"
EndProject
Project("{FAE04EC0-301F-11D3-BF4B-00C04F79EFBC}") = "Shop.Persistance", "Shop.Persistance\Shop.Persistance.csproj", "{EFE9635B-E010-4235-AB0A-77D741D646EF}"
EndProject
Project("{FAE04EC0-301F-11D3-BF4B-00C04F79EFBC}") = "Shop.Infrastructure", "Shop.Infrastructure\Shop.Infrastructure.csproj", "{2EC9E8E4-9932-46B4-99AA-796C82ED3C2A}"
EndProject
Project("{FAE04EC0-301F-11D3-BF4B-00C04F79EFBC}") = "Shop.API", "Shop.API\Shop.API.csproj", "{CF08F64E-6284-4DCA-A07F-79BF01B3AB52}"
EndProject
Global
	GlobalSection(SolutionConfigurationPlatforms) = preSolution
		Debug|Any CPU = Debug|Any CPU
		Release|Any CPU = Release|Any CPU
	EndGlobalSection
	GlobalSection(ProjectConfigurationPlatforms) = postSolution
		{7CEA18C8-3346-4CA6-911F-A2DF5599359F}.Debug|Any CPU.ActiveCfg = Debug|Any CPU
		{7CEA18C8-3346-4CA6-911F-A2DF5599359F}.Debug|Any CPU.Build.0 = Debug|Any CPU
		{7CEA18C8-3346-4CA6-911F-A2DF5599359F}.Release|Any CPU.ActiveCfg = Release|Any CPU
		{7CEA18C8-3346-4CA6-911F-A2DF5599359F}.Release|Any CPU.Build.0 = Release|Any CPU
		{E3DF821A-6273-4BAC-A8ED-D97A2C029AF1}.Debug|Any CPU.ActiveCfg = Debug|Any CPU
		{E3DF821A-6273-4BAC-A8ED-D97A2C029AF1}.Debug|Any CPU.Build.0 = Debug|Any CPU
		{E3DF821A-6273-4BAC-A8ED-D97A2C029AF1}.Release|Any CPU.ActiveCfg = Release|Any CPU
		{E3DF821A-6273-4BAC-A8ED-D97A2C029AF1}.Release|Any CPU.Build.0 = Release|Any CPU
		{99F1568B-79EA-456B-93CD-35D4FA3AD312}.Debug|Any CPU.ActiveCfg = Debug|Any CPU
		{99F1568B-79EA-456B-93CD-35D4FA3AD312}.Debug|Any CPU.Build.0 = Debug|Any CPU
		{99F1568B-79EA-456B-93CD-35D4FA3AD312}.Release|Any CPU.ActiveCfg = Release|Any CPU
		{99F1568B-79EA-456B-93CD-35D4FA3AD312}.Release|Any CPU.Build.0 = Release|Any CPU
		{EFE9635B-E010-4235-AB0A-77D741D646EF}.Debug|Any CPU.ActiveCfg = Debug|Any CPU
		{EFE9635B-E010-4235-AB0A-77D741D646EF}.Debug|Any CPU.Build.0 = Debug|Any CPU
		{EFE9635B-E010-4235-AB0A-77D741D646EF}.Release|Any CPU.ActiveCfg = Release|Any CPU
		{EFE9635B-E010-4235-AB0A-77D741D646EF}.Release|Any CPU.Build.0 = Release|Any CPU
		{2EC9E8E4-9932-46B4-99AA-796C82ED3C2A}.Debug|Any CPU.ActiveCfg = Debug|Any CPU
		{2EC9E8E4-9932-46B4-99AA-796C82ED3C2A}.Debug|Any CPU.Build.0 = Debug|Any CPU
		{2EC9E8E4-9932-46B4-99AA-796C82ED3C2A}.Release|Any CPU.ActiveCfg = Release|Any CPU
		{2EC9E8E4-9932-46B4-99AA-796C82ED3C2A}.Release|Any CPU.Build.0 = Release|Any CPU
		{CF08F64E-6284-4DCA-A07F-79BF01B3AB52}.Debug|Any CPU.ActiveCfg = Debug|Any CPU
		{CF08F64E-6284-4DCA-A07F-79BF01B3AB52}.Debug|Any CPU.Build.0 = Debug|Any CPU
		{CF08F64E-6284-4DCA-A07F-79BF01B3AB52}.Release|Any CPU.ActiveCfg = Release|Any CPU
		{CF08F64E-6284-4DCA-A07F-79BF01B3AB52}.Release|Any CPU.Build.0 = Release|Any CPU
	EndGlobalSection
	GlobalSection(SolutionProperties) = preSolution
		HideSolutionNode = FALSE
	EndGlobalSection
	GlobalSection(NestedProjects) = preSolution
		{861ACAE4-1B86-4A9C-AF76-0ACDD113367E} = {ACB38278-FA1A-4F71-8303-BD2F03F42AE3}
		{437B880C-6242-40AD-8057-43DB3BD6CA74} = {ACB38278-FA1A-4F71-8303-BD2F03F42AE3}
		{DC354963-5F21-4342-9885-67610E968C25} = {ACB38278-FA1A-4F71-8303-BD2F03F42AE3}
		{45452F5B-89CF-42FD-AAA8-BF3BB0677EE3} = {ACB38278-FA1A-4F71-8303-BD2F03F42AE3}
		{7CEA18C8-3346-4CA6-911F-A2DF5599359F} = {861ACAE4-1B86-4A9C-AF76-0ACDD113367E}
		{E3DF821A-6273-4BAC-A8ED-D97A2C029AF1} = {437B880C-6242-40AD-8057-43DB3BD6CA74}
		{99F1568B-79EA-456B-93CD-35D4FA3AD312} = {437B880C-6242-40AD-8057-43DB3BD6CA74}
		{EFE9635B-E010-4235-AB0A-77D741D646EF} = {DC354963-5F21-4342-9885-67610E968C25}
		{2EC9E8E4-9932-46B4-99AA-796C82ED3C2A} = {DC354963-5F21-4342-9885-67610E968C25}
		{CF08F64E-6284-4DCA-A07F-79BF01B3AB52} = {45452F5B-89CF-42FD-AAA8-BF3BB0677EE3}
	EndGlobalSection
	GlobalSection(ExtensibilityGlobals) = postSolution
		SolutionGuid = {53E2A0CA-1CBF-4A3E-A6DB-AD29BD823030}
	EndGlobalSection
EndGlobal
